PODS:
  - HotKey (0.1.2)
  - MASShortcut (2.4.0)
  - SwiftyBeaver (1.8.3)

DEPENDENCIES:
  - HotKey
  - MASShortcut
  - SwiftyBeaver

SPEC REPOS:
  trunk:
    - HotKey
    - MASShortcut
    - SwiftyBeaver

SPEC CHECKSUMS:
  HotKey: ad59450195936c10992438c4210f673de5aee43e
  MASShortcut: d9e4909e878661cc42877cc9d6efbe638273ab57
  SwiftyBeaver: 3d3e93a12d648bd400b6f2948a7ef128b5b183c7

PODFILE CHECKSUM: d5a7d2ced000d6ff11d6d62a9a4afad70bb94ed4

COCOAPODS: 1.8.3
