// !$*UTF8*$!
{
	archiveVersion = 1;
	classes = {
	};
	objectVersion = 51;
	objects = {

/* Begin PBXBuildFile section */
		DBEF770E2324F23F00A63D28 /* AppDelegate.swift in Sources */ = {isa = PBXBuildFile; fileRef = DBEF770D2324F23F00A63D28 /* AppDelegate.swift */; };
		DBEF77102324F23F00A63D28 /* Assets.xcassets in Resources */ = {isa = PBXBuildFile; fileRef = DBEF770F2324F23F00A63D28 /* Assets.xcassets */; };
		DBEF77132324F24000A63D28 /* MainMenu.xib in Resources */ = {isa = PBXBuildFile; fileRef = DBEF77112324F23F00A63D28 /* MainMenu.xib */; };
		E69A2A3A4E86CF0DECDD3D78 /* Pods_N_Clip_Board.framework in Frameworks */ = {isa = PBXBuildFile; fileRef = 2B37792841C67B6A432FD14D /* Pods_N_Clip_Board.framework */; };
/* End PBXBuildFile section */

/* Begin PBXFileReference section */
		2B37792841C67B6A432FD14D /* Pods_N_Clip_Board.framework */ = {isa = PBXFileReference; explicitFileType = wrapper.framework; includeInIndex = 0; path = Pods_N_Clip_Board.framework; sourceTree = BUILT_PRODUCTS_DIR; };
		4CF13127831EF3F43BE9AEFD /* Pods-N Clip Board.debug.xcconfig */ = {isa = PBXFileReference; includeInIndex = 1; lastKnownFileType = text.xcconfig; name = "Pods-N Clip Board.debug.xcconfig"; path = "Target Support Files/Pods-N Clip Board/Pods-N Clip Board.debug.xcconfig"; sourceTree = "<group>"; };
		B9F90EB868A137C49ED41B90 /* Pods-N Clip Board.release.xcconfig */ = {isa = PBXFileReference; includeInIndex = 1; lastKnownFileType = text.xcconfig; name = "Pods-N Clip Board.release.xcconfig"; path = "Target Support Files/Pods-N Clip Board/Pods-N Clip Board.release.xcconfig"; sourceTree = "<group>"; };
		DBEF770A2324F23F00A63D28 /* N Clip Board.app */ = {isa = PBXFileReference; explicitFileType = wrapper.application; includeInIndex = 0; path = "N Clip Board.app"; sourceTree = BUILT_PRODUCTS_DIR; };
		DBEF770D2324F23F00A63D28 /* AppDelegate.swift */ = {isa = PBXFileReference; lastKnownFileType = sourcecode.swift; path = AppDelegate.swift; sourceTree = "<group>"; };
		DBEF770F2324F23F00A63D28 /* Assets.xcassets */ = {isa = PBXFileReference; lastKnownFileType = folder.assetcatalog; path = Assets.xcassets; sourceTree = "<group>"; };
		DBEF77122324F23F00A63D28 /* Base */ = {isa = PBXFileReference; lastKnownFileType = file.xib; name = Base; path = Base.lproj/MainMenu.xib; sourceTree = "<group>"; };
		DBEF77142324F24000A63D28 /* Info.plist */ = {isa = PBXFileReference; lastKnownFileType = text.plist.xml; path = Info.plist; sourceTree = "<group>"; };
		DBEF77152324F24000A63D28 /* N_Clip_Board.entitlements */ = {isa = PBXFileReference; lastKnownFileType = text.plist.entitlements; path = N_Clip_Board.entitlements; sourceTree = "<group>"; };
		DBEF771B2325016E00A63D28 /* OpenQuicklyX.framework */ = {isa = PBXFileReference; explicitFileType = wrapper.framework; path = OpenQuicklyX.framework; sourceTree = BUILT_PRODUCTS_DIR; };
/* End PBXFileReference section */

/* Begin PBXFrameworksBuildPhase section */
		DBEF77072324F23F00A63D28 /* Frameworks */ = {
			isa = PBXFrameworksBuildPhase;
			buildActionMask = 2147483647;
			files = (
				E69A2A3A4E86CF0DECDD3D78 /* Pods_N_Clip_Board.framework in Frameworks */,
			);
			runOnlyForDeploymentPostprocessing = 0;
		};
/* End PBXFrameworksBuildPhase section */

/* Begin PBXGroup section */
		C261A11D424A1B6EE9659870 /* Frameworks */ = {
			isa = PBXGroup;
			children = (
				DBEF771B2325016E00A63D28 /* OpenQuicklyX.framework */,
				2B37792841C67B6A432FD14D /* Pods_N_Clip_Board.framework */,
			);
			name = Frameworks;
			sourceTree = "<group>";
		};
		C3EFDB7B9192615D76DA929F /* Pods */ = {
			isa = PBXGroup;
			children = (
				4CF13127831EF3F43BE9AEFD /* Pods-N Clip Board.debug.xcconfig */,
				B9F90EB868A137C49ED41B90 /* Pods-N Clip Board.release.xcconfig */,
			);
			path = Pods;
			sourceTree = "<group>";
		};
		DBEF77012324F23F00A63D28 = {
			isa = PBXGroup;
			children = (
				DBEF770C2324F23F00A63D28 /* N Clip Board */,
				DBEF770B2324F23F00A63D28 /* Products */,
				C3EFDB7B9192615D76DA929F /* Pods */,
				C261A11D424A1B6EE9659870 /* Frameworks */,
			);
			sourceTree = "<group>";
		};
		DBEF770B2324F23F00A63D28 /* Products */ = {
			isa = PBXGroup;
			children = (
				DBEF770A2324F23F00A63D28 /* N Clip Board.app */,
			);
			name = Products;
			sourceTree = "<group>";
		};
		DBEF770C2324F23F00A63D28 /* N Clip Board */ = {
			isa = PBXGroup;
			children = (
				DBEF770D2324F23F00A63D28 /* AppDelegate.swift */,
				DBEF770F2324F23F00A63D28 /* Assets.xcassets */,
				DBEF77112324F23F00A63D28 /* MainMenu.xib */,
				DBEF77142324F24000A63D28 /* Info.plist */,
				DBEF77152324F24000A63D28 /* N_Clip_Board.entitlements */,
			);
			path = "N Clip Board";
			sourceTree = "<group>";
		};
/* End PBXGroup section */

/* Begin PBXNativeTarget section */
		DBEF77092324F23F00A63D28 /* N Clip Board */ = {
			isa = PBXNativeTarget;
			buildConfigurationList = DBEF77182324F24000A63D28 /* Build configuration list for PBXNativeTarget "N Clip Board" */;
			buildPhases = (
				D4D0A03E904AD44355BFA634 /* [CP] Check Pods Manifest.lock */,
				DBEF77062324F23F00A63D28 /* Sources */,
				DBEF77072324F23F00A63D28 /* Frameworks */,
				DBEF77082324F23F00A63D28 /* Resources */,
				9B1DB0D3A0C4D397060680A2 /* [CP] Embed Pods Frameworks */,
			);
			buildRules = (
			);
			dependencies = (
			);
			name = "N Clip Board";
			productName = "N Clip Board";
			productReference = DBEF770A2324F23F00A63D28 /* N Clip Board.app */;
			productType = "com.apple.product-type.application";
		};
/* End PBXNativeTarget section */

/* Begin PBXProject section */
		DBEF77022324F23F00A63D28 /* Project object */ = {
			isa = PBXProject;
			attributes = {
				LastSwiftUpdateCheck = 1030;
				LastUpgradeCheck = 1030;
				ORGANIZATIONNAME = branson;
				TargetAttributes = {
					DBEF77092324F23F00A63D28 = {
						CreatedOnToolsVersion = 10.3;
					};
				};
			};
			buildConfigurationList = DBEF77052324F23F00A63D28 /* Build configuration list for PBXProject "N Clip Board" */;
			compatibilityVersion = "Xcode 9.3";
			developmentRegion = en;
			hasScannedForEncodings = 0;
			knownRegions = (
				en,
				Base,
			);
			mainGroup = DBEF77012324F23F00A63D28;
			productRefGroup = DBEF770B2324F23F00A63D28 /* Products */;
			projectDirPath = "";
			projectRoot = "";
			targets = (
				DBEF77092324F23F00A63D28 /* N Clip Board */,
			);
		};
/* End PBXProject section */

/* Begin PBXResourcesBuildPhase section */
		DBEF77082324F23F00A63D28 /* Resources */ = {
			isa = PBXResourcesBuildPhase;
			buildActionMask = 2147483647;
			files = (
				DBEF77102324F23F00A63D28 /* Assets.xcassets in Resources */,
				DBEF77132324F24000A63D28 /* MainMenu.xib in Resources */,
			);
			runOnlyForDeploymentPostprocessing = 0;
		};
/* End PBXResourcesBuildPhase section */

/* Begin PBXShellScriptBuildPhase section */
		9B1DB0D3A0C4D397060680A2 /* [CP] Embed Pods Frameworks */ = {
			isa = PBXShellScriptBuildPhase;
			buildActionMask = 2147483647;
			files = (
			);
			inputFileListPaths = (
				"${PODS_ROOT}/Target Support Files/Pods-N Clip Board/Pods-N Clip Board-frameworks-${CONFIGURATION}-input-files.xcfilelist",
			);
			name = "[CP] Embed Pods Frameworks";
			outputFileListPaths = (
				"${PODS_ROOT}/Target Support Files/Pods-N Clip Board/Pods-N Clip Board-frameworks-${CONFIGURATION}-output-files.xcfilelist",
			);
			runOnlyForDeploymentPostprocessing = 0;
			shellPath = /bin/sh;
			shellScript = "\"${PODS_ROOT}/Target Support Files/Pods-N Clip Board/Pods-N Clip Board-frameworks.sh\"\n";
			showEnvVarsInLog = 0;
		};
		D4D0A03E904AD44355BFA634 /* [CP] Check Pods Manifest.lock */ = {
			isa = PBXShellScriptBuildPhase;
			buildActionMask = 2147483647;
			files = (
			);
			inputFileListPaths = (
			);
			inputPaths = (
				"${PODS_PODFILE_DIR_PATH}/Podfile.lock",
				"${PODS_ROOT}/Manifest.lock",
			);
			name = "[CP] Check Pods Manifest.lock";
			outputFileListPaths = (
			);
			outputPaths = (
				"$(DERIVED_FILE_DIR)/Pods-N Clip Board-checkManifestLockResult.txt",
			);
			runOnlyForDeploymentPostprocessing = 0;
			shellPath = /bin/sh;
			shellScript = "diff \"${PODS_PODFILE_DIR_PATH}/Podfile.lock\" \"${PODS_ROOT}/Manifest.lock\" > /dev/null\nif [ $? != 0 ] ; then\n    # print error to STDERR\n    echo \"error: The sandbox is not in sync with the Podfile.lock. Run 'pod install' or update your CocoaPods installation.\" >&2\n    exit 1\nfi\n# This output is used by Xcode 'outputs' to avoid re-running this script phase.\necho \"SUCCESS\" > \"${SCRIPT_OUTPUT_FILE_0}\"\n";
			showEnvVarsInLog = 0;
		};
/* End PBXShellScriptBuildPhase section */

/* Begin PBXSourcesBuildPhase section */
		DBEF77062324F23F00A63D28 /* Sources */ = {
			isa = PBXSourcesBuildPhase;
			buildActionMask = 2147483647;
			files = (
				DBEF770E2324F23F00A63D28 /* AppDelegate.swift in Sources */,
			);
			runOnlyForDeploymentPostprocessing = 0;
		};
/* End PBXSourcesBuildPhase section */

/* Begin PBXVariantGroup section */
		DBEF77112324F23F00A63D28 /* MainMenu.xib */ = {
			isa = PBXVariantGroup;
			children = (
				DBEF77122324F23F00A63D28 /* Base */,
			);
			name = MainMenu.xib;
			sourceTree = "<group>";
		};
/* End PBXVariantGroup section */

/* Begin XCBuildConfiguration section */
		DBEF77162324F24000A63D28 /* Debug */ = {
			isa = XCBuildConfiguration;
			buildSettings = {
				ALWAYS_SEARCH_USER_PATHS = NO;
				CLANG_ANALYZER_NONNULL = YES;
				CLANG_ANALYZER_NUMBER_OBJECT_CONVERSION = YES_AGGRESSIVE;
				CLANG_CXX_LANGUAGE_STANDARD = "gnu++14";
				CLANG_CXX_LIBRARY = "libc++";
				CLANG_ENABLE_MODULES = YES;
				CLANG_ENABLE_OBJC_ARC = YES;
				CLANG_ENABLE_OBJC_WEAK = YES;
				CLANG_WARN_BLOCK_CAPTURE_AUTORELEASING = YES;
				CLANG_WARN_BOOL_CONVERSION = YES;
				CLANG_WARN_COMMA = YES;
				CLANG_WARN_CONSTANT_CONVERSION = YES;
				CLANG_WARN_DEPRECATED_OBJC_IMPLEMENTATIONS = YES;
				CLANG_WARN_DIRECT_OBJC_ISA_USAGE = YES_ERROR;
				CLANG_WARN_DOCUMENTATION_COMMENTS = YES;
				CLANG_WARN_EMPTY_BODY = YES;
				CLANG_WARN_ENUM_CONVERSION = YES;
				CLANG_WARN_INFINITE_RECURSION = YES;
				CLANG_WARN_INT_CONVERSION = YES;
				CLANG_WARN_NON_LITERAL_NULL_CONVERSION = YES;
				CLANG_WARN_OBJC_IMPLICIT_RETAIN_SELF = YES;
				CLANG_WARN_OBJC_LITERAL_CONVERSION = YES;
				CLANG_WARN_OBJC_ROOT_CLASS = YES_ERROR;
				CLANG_WARN_RANGE_LOOP_ANALYSIS = YES;
				CLANG_WARN_STRICT_PROTOTYPES = YES;
				CLANG_WARN_SUSPICIOUS_MOVE = YES;
				CLANG_WARN_UNGUARDED_AVAILABILITY = YES_AGGRESSIVE;
				CLANG_WARN_UNREACHABLE_CODE = YES;
				CLANG_WARN__DUPLICATE_METHOD_MATCH = YES;
				CODE_SIGN_IDENTITY = "-";
				COPY_PHASE_STRIP = NO;
				DEBUG_INFORMATION_FORMAT = dwarf;
				ENABLE_STRICT_OBJC_MSGSEND = YES;
				ENABLE_TESTABILITY = YES;
				GCC_C_LANGUAGE_STANDARD = gnu11;
				GCC_DYNAMIC_NO_PIC = NO;
				GCC_NO_COMMON_BLOCKS = YES;
				GCC_OPTIMIZATION_LEVEL = 0;
				GCC_PREPROCESSOR_DEFINITIONS = (
					"DEBUG=1",
					"$(inherited)",
				);
				GCC_WARN_64_TO_32_BIT_CONVERSION = YES;
				GCC_WARN_ABOUT_RETURN_TYPE = YES_ERROR;
				GCC_WARN_UNDECLARED_SELECTOR = YES;
				GCC_WARN_UNINITIALIZED_AUTOS = YES_AGGRESSIVE;
				GCC_WARN_UNUSED_FUNCTION = YES;
				GCC_WARN_UNUSED_VARIABLE = YES;
				MACOSX_DEPLOYMENT_TARGET = 10.14;
				MTL_ENABLE_DEBUG_INFO = INCLUDE_SOURCE;
				MTL_FAST_MATH = YES;
				ONLY_ACTIVE_ARCH = YES;
				SDKROOT = macosx;
				SWIFT_ACTIVE_COMPILATION_CONDITIONS = DEBUG;
				SWIFT_OPTIMIZATION_LEVEL = "-Onone";
			};
			name = Debug;
		};
		DBEF77172324F24000A63D28 /* Release */ = {
			isa = XCBuildConfiguration;
			buildSettings = {
				ALWAYS_SEARCH_USER_PATHS = NO;
				CLANG_ANALYZER_NONNULL = YES;
				CLANG_ANALYZER_NUMBER_OBJECT_CONVERSION = YES_AGGRESSIVE;
				CLANG_CXX_LANGUAGE_STANDARD = "gnu++14";
				CLANG_CXX_LIBRARY = "libc++";
				CLANG_ENABLE_MODULES = YES;
				CLANG_ENABLE_OBJC_ARC = YES;
				CLANG_ENABLE_OBJC_WEAK = YES;
				CLANG_WARN_BLOCK_CAPTURE_AUTORELEASING = YES;
				CLANG_WARN_BOOL_CONVERSION = YES;
				CLANG_WARN_COMMA = YES;
				CLANG_WARN_CONSTANT_CONVERSION = YES;
				CLANG_WARN_DEPRECATED_OBJC_IMPLEMENTATIONS = YES;
				CLANG_WARN_DIRECT_OBJC_ISA_USAGE = YES_ERROR;
				CLANG_WARN_DOCUMENTATION_COMMENTS = YES;
				CLANG_WARN_EMPTY_BODY = YES;
				CLANG_WARN_ENUM_CONVERSION = YES;
				CLANG_WARN_INFINITE_RECURSION = YES;
				CLANG_WARN_INT_CONVERSION = YES;
				CLANG_WARN_NON_LITERAL_NULL_CONVERSION = YES;
				CLANG_WARN_OBJC_IMPLICIT_RETAIN_SELF = YES;
				CLANG_WARN_OBJC_LITERAL_CONVERSION = YES;
				CLANG_WARN_OBJC_ROOT_CLASS = YES_ERROR;
				CLANG_WARN_RANGE_LOOP_ANALYSIS = YES;
				CLANG_WARN_STRICT_PROTOTYPES = YES;
				CLANG_WARN_SUSPICIOUS_MOVE = YES;
				CLANG_WARN_UNGUARDED_AVAILABILITY = YES_AGGRESSIVE;
				CLANG_WARN_UNREACHABLE_CODE = YES;
				CLANG_WARN__DUPLICATE_METHOD_MATCH = YES;
				CODE_SIGN_IDENTITY = "-";
				COPY_PHASE_STRIP = NO;
				DEBUG_INFORMATION_FORMAT = "dwarf-with-dsym";
				ENABLE_NS_ASSERTIONS = NO;
				ENABLE_STRICT_OBJC_MSGSEND = YES;
				GCC_C_LANGUAGE_STANDARD = gnu11;
				GCC_NO_COMMON_BLOCKS = YES;
				GCC_WARN_64_TO_32_BIT_CONVERSION = YES;
				GCC_WARN_ABOUT_RETURN_TYPE = YES_ERROR;
				GCC_WARN_UNDECLARED_SELECTOR = YES;
				GCC_WARN_UNINITIALIZED_AUTOS = YES_AGGRESSIVE;
				GCC_WARN_UNUSED_FUNCTION = YES;
				GCC_WARN_UNUSED_VARIABLE = YES;
				MACOSX_DEPLOYMENT_TARGET = 10.14;
				MTL_ENABLE_DEBUG_INFO = NO;
				MTL_FAST_MATH = YES;
				SDKROOT = macosx;
				SWIFT_COMPILATION_MODE = wholemodule;
				SWIFT_OPTIMIZATION_LEVEL = "-O";
			};
			name = Release;
		};
		DBEF77192324F24000A63D28 /* Debug */ = {
			isa = XCBuildConfiguration;
			baseConfigurationReference = 4CF13127831EF3F43BE9AEFD /* Pods-N Clip Board.debug.xcconfig */;
			buildSettings = {
				ASSETCATALOG_COMPILER_APPICON_NAME = AppIcon;
				CODE_SIGN_ENTITLEMENTS = "N Clip Board/N_Clip_Board.entitlements";
				CODE_SIGN_STYLE = Manual;
				COMBINE_HIDPI_IMAGES = YES;
				DEVELOPMENT_TEAM = "";
				INFOPLIST_FILE = "N Clip Board/Info.plist";
				LD_RUNPATH_SEARCH_PATHS = (
					"$(inherited)",
					"@executable_path/../Frameworks",
				);
				PRODUCT_BUNDLE_IDENTIFIER = "poor-branson.N-Clip-Board";
				PRODUCT_NAME = "$(TARGET_NAME)";
				PROVISIONING_PROFILE_SPECIFIER = "";
				SWIFT_VERSION = 5.0;
			};
			name = Debug;
		};
		DBEF771A2324F24000A63D28 /* Release */ = {
			isa = XCBuildConfiguration;
			baseConfigurationReference = B9F90EB868A137C49ED41B90 /* Pods-N Clip Board.release.xcconfig */;
			buildSettings = {
				ASSETCATALOG_COMPILER_APPICON_NAME = AppIcon;
				CODE_SIGN_ENTITLEMENTS = "N Clip Board/N_Clip_Board.entitlements";
				CODE_SIGN_STYLE = Manual;
				COMBINE_HIDPI_IMAGES = YES;
				DEVELOPMENT_TEAM = "";
				INFOPLIST_FILE = "N Clip Board/Info.plist";
				LD_RUNPATH_SEARCH_PATHS = (
					"$(inherited)",
					"@executable_path/../Frameworks",
				);
				PRODUCT_BUNDLE_IDENTIFIER = "poor-branson.N-Clip-Board";
				PRODUCT_NAME = "$(TARGET_NAME)";
				PROVISIONING_PROFILE_SPECIFIER = "";
				SWIFT_VERSION = 5.0;
			};
			name = Release;
		};
/* End XCBuildConfiguration section */

/* Begin XCConfigurationList section */
		DBEF77052324F23F00A63D28 /* Build configuration list for PBXProject "N Clip Board" */ = {
			isa = XCConfigurationList;
			buildConfigurations = (
				DBEF77162324F24000A63D28 /* Debug */,
				DBEF77172324F24000A63D28 /* Release */,
			);
			defaultConfigurationIsVisible = 0;
			defaultConfigurationName = Release;
		};
		DBEF77182324F24000A63D28 /* Build configuration list for PBXNativeTarget "N Clip Board" */ = {
			isa = XCConfigurationList;
			buildConfigurations = (
				DBEF77192324F24000A63D28 /* Debug */,
				DBEF771A2324F24000A63D28 /* Release */,
			);
			defaultConfigurationIsVisible = 0;
			defaultConfigurationName = Release;
		};
/* End XCConfigurationList section */
	};
	rootObject = DBEF77022324F23F00A63D28 /* Project object */;
}
