// !$*UTF8*$!
{
	archiveVersion = 1;
	classes = {
	};
	objectVersion = 51;
	objects = {

/* Begin PBXBuildFile section */
		19E731E47B478DB83F8FA979 /* Pods_N_Clip_Board.framework in Frameworks */ = {isa = PBXBuildFile; fileRef = D301B6E42FC94B9A4D1E2B10 /* Pods_N_Clip_Board.framework */; };
		D7D306DA5FA32DB1E4BA9464 /* Pods_Launcher.framework in Frameworks */ = {isa = PBXBuildFile; fileRef = A954E7A8FF480272D714CF03 /* Pods_Launcher.framework */; };
		DB12A634235A120100998198 /* PBStore.xcdatamodeld in Sources */ = {isa = PBXBuildFile; fileRef = DB12A632235A120100998198 /* PBStore.xcdatamodeld */; };
		DB12A63A235AAB6500998198 /* Treansformers.swift in Sources */ = {isa = PBXBuildFile; fileRef = DB12A639235AAB6500998198 /* Treansformers.swift */; };
		DB18F06D2355C71E00D97341 /* PBItem.swift in Sources */ = {isa = PBXBuildFile; fileRef = DB18F06C2355C71E00D97341 /* PBItem.swift */; };
		DB277432232F866300D4547D /* N_Clip_BoardTests.swift in Sources */ = {isa = PBXBuildFile; fileRef = DB277431232F866300D4547D /* N_Clip_BoardTests.swift */; };
		DB27743D232FA32800D4547D /* FileWatcher.swift in Sources */ = {isa = PBXBuildFile; fileRef = DB27743C232FA32700D4547D /* FileWatcher.swift */; };
		DB277482233069EF00D4547D /* LoggingService.swift in Sources */ = {isa = PBXBuildFile; fileRef = DB277481233069EF00D4547D /* LoggingService.swift */; };
		DB27749623308CEA00D4547D /* AppDelegate.swift in Sources */ = {isa = PBXBuildFile; fileRef = DB27749523308CEA00D4547D /* AppDelegate.swift */; };
		DB27749B23308CEB00D4547D /* MainMenu.xib in Resources */ = {isa = PBXBuildFile; fileRef = DB27749923308CEB00D4547D /* MainMenu.xib */; };
		DB2774A123308D0200D4547D /* Assets.xcassets in Resources */ = {isa = PBXBuildFile; fileRef = DBEF770F2324F23F00A63D28 /* Assets.xcassets */; };
		DB2774A92330F8AE00D4547D /* Launcher.app in Copy Files */ = {isa = PBXBuildFile; fileRef = DB27749323308CEA00D4547D /* Launcher.app */; settings = {ATTRIBUTES = (RemoveHeadersOnCopy, ); }; };
		DB2774AD2331067300D4547D /* LoggingService.swift in Sources */ = {isa = PBXBuildFile; fileRef = DB277481233069EF00D4547D /* LoggingService.swift */; };
		DB38B2F5232D40BE00DFA3A0 /* PreferencePanel.xib in Resources */ = {isa = PBXBuildFile; fileRef = DB38B2F4232D40BE00DFA3A0 /* PreferencePanel.xib */; };
		DB4CA1EC235D5806007BB8D2 /* AccessibilityService.swift in Sources */ = {isa = PBXBuildFile; fileRef = DB4CA1EB235D5806007BB8D2 /* AccessibilityService.swift */; };
		DB5F25B323290141007993F6 /* SearchViewController.swift in Sources */ = {isa = PBXBuildFile; fileRef = DB5F25B223290141007993F6 /* SearchViewController.swift */; };
		DB5F25B523290200007993F6 /* SearchWindowController.swift in Sources */ = {isa = PBXBuildFile; fileRef = DB5F25B423290200007993F6 /* SearchWindowController.swift */; };
		DB5F25B723290624007993F6 /* SearchPanel.xib in Resources */ = {isa = PBXBuildFile; fileRef = DB5F25B623290624007993F6 /* SearchPanel.xib */; };
		DB655E38232B9AED00262660 /* PreferencePanelController.swift in Sources */ = {isa = PBXBuildFile; fileRef = DB655E36232B9AED00262660 /* PreferencePanelController.swift */; };
		DB655E3B232B9DF100262660 /* Extensions.swift in Sources */ = {isa = PBXBuildFile; fileRef = DB655E3A232B9DF100262660 /* Extensions.swift */; };
		DB655E3D232BBF8600262660 /* ClipBoardService.swift in Sources */ = {isa = PBXBuildFile; fileRef = DB655E3C232BBF8600262660 /* ClipBoardService.swift */; };
		DB655E3F232BD2BF00262660 /* NError.swift in Sources */ = {isa = PBXBuildFile; fileRef = DB655E3E232BD2BF00262660 /* NError.swift */; };
		DB93DE8A232D4FE20074E740 /* GeneralViewController.swift in Sources */ = {isa = PBXBuildFile; fileRef = DB93DE88232D4FE20074E740 /* GeneralViewController.swift */; };
		DB93DE8B232D4FE20074E740 /* GeneralViewController.xib in Resources */ = {isa = PBXBuildFile; fileRef = DB93DE89232D4FE20074E740 /* GeneralViewController.xib */; };
		DBA6F87E232DD47A0081FD48 /* AdvancedViewController.swift in Sources */ = {isa = PBXBuildFile; fileRef = DBA6F87C232DD47A0081FD48 /* AdvancedViewController.swift */; };
		DBA6F87F232DD47A0081FD48 /* AdvancedViewController.xib in Resources */ = {isa = PBXBuildFile; fileRef = DBA6F87D232DD47A0081FD48 /* AdvancedViewController.xib */; };
		DBA6F882232E7D820081FD48 /* SnippetsViewController.swift in Sources */ = {isa = PBXBuildFile; fileRef = DBA6F880232E7D820081FD48 /* SnippetsViewController.swift */; };
		DBA6F883232E7D820081FD48 /* SnippetsViewController.xib in Resources */ = {isa = PBXBuildFile; fileRef = DBA6F881232E7D820081FD48 /* SnippetsViewController.xib */; };
		DBA6F886232E96050081FD48 /* AppearanceViewController.swift in Sources */ = {isa = PBXBuildFile; fileRef = DBA6F884232E96050081FD48 /* AppearanceViewController.swift */; };
		DBA6F887232E96050081FD48 /* AppearanceViewController.xib in Resources */ = {isa = PBXBuildFile; fileRef = DBA6F885232E96050081FD48 /* AppearanceViewController.xib */; };
		DBC3BE8C2350264900121044 /* Utility.swift in Sources */ = {isa = PBXBuildFile; fileRef = DBC3BE8B2350264900121044 /* Utility.swift */; };
		DBEBD51F234347BA00233746 /* LoginService.swift in Sources */ = {isa = PBXBuildFile; fileRef = DBEBD51E234347BA00233746 /* LoginService.swift */; };
		DBEBD52123434C5D00233746 /* Constants.swift in Sources */ = {isa = PBXBuildFile; fileRef = DBEBD52023434C5D00233746 /* Constants.swift */; };
		DBEBD52223434C5D00233746 /* Constants.swift in Sources */ = {isa = PBXBuildFile; fileRef = DBEBD52023434C5D00233746 /* Constants.swift */; };
		DBEF770E2324F23F00A63D28 /* AppDelegate.swift in Sources */ = {isa = PBXBuildFile; fileRef = DBEF770D2324F23F00A63D28 /* AppDelegate.swift */; };
		DBEF77102324F23F00A63D28 /* Assets.xcassets in Resources */ = {isa = PBXBuildFile; fileRef = DBEF770F2324F23F00A63D28 /* Assets.xcassets */; };
		DBEF77132324F24000A63D28 /* MainMenu.xib in Resources */ = {isa = PBXBuildFile; fileRef = DBEF77112324F23F00A63D28 /* MainMenu.xib */; };
/* End PBXBuildFile section */

/* Begin PBXContainerItemProxy section */
		DB277434232F866300D4547D /* PBXContainerItemProxy */ = {
			isa = PBXContainerItemProxy;
			containerPortal = DBEF77022324F23F00A63D28 /* Project object */;
			proxyType = 1;
			remoteGlobalIDString = DBEF77092324F23F00A63D28;
			remoteInfo = "N Clip Board";
		};
/* End PBXContainerItemProxy section */

/* Begin PBXCopyFilesBuildPhase section */
		DB27743E232FAB2F00D4547D /* Copy Files */ = {
			isa = PBXCopyFilesBuildPhase;
			buildActionMask = 2147483647;
			dstPath = Contents/Library/LoginItems;
			dstSubfolderSpec = 1;
			files = (
				DB2774A92330F8AE00D4547D /* Launcher.app in Copy Files */,
			);
			name = "Copy Files";
			runOnlyForDeploymentPostprocessing = 0;
		};
/* End PBXCopyFilesBuildPhase section */

/* Begin PBXFileReference section */
		4CF13127831EF3F43BE9AEFD /* Pods-N Clip Board.debug.xcconfig */ = {isa = PBXFileReference; includeInIndex = 1; lastKnownFileType = text.xcconfig; name = "Pods-N Clip Board.debug.xcconfig"; path = "Target Support Files/Pods-N Clip Board/Pods-N Clip Board.debug.xcconfig"; sourceTree = "<group>"; };
		A86AC3F3486A62A306A5F88E /* Pods-Launcher.release.xcconfig */ = {isa = PBXFileReference; includeInIndex = 1; lastKnownFileType = text.xcconfig; name = "Pods-Launcher.release.xcconfig"; path = "Target Support Files/Pods-Launcher/Pods-Launcher.release.xcconfig"; sourceTree = "<group>"; };
		A954E7A8FF480272D714CF03 /* Pods_Launcher.framework */ = {isa = PBXFileReference; explicitFileType = wrapper.framework; includeInIndex = 0; path = Pods_Launcher.framework; sourceTree = BUILT_PRODUCTS_DIR; };
		B9F90EB868A137C49ED41B90 /* Pods-N Clip Board.release.xcconfig */ = {isa = PBXFileReference; includeInIndex = 1; lastKnownFileType = text.xcconfig; name = "Pods-N Clip Board.release.xcconfig"; path = "Target Support Files/Pods-N Clip Board/Pods-N Clip Board.release.xcconfig"; sourceTree = "<group>"; };
		CAFA9EFF4E701D1677ED6DC5 /* Pods-Launcher.debug.xcconfig */ = {isa = PBXFileReference; includeInIndex = 1; lastKnownFileType = text.xcconfig; name = "Pods-Launcher.debug.xcconfig"; path = "Target Support Files/Pods-Launcher/Pods-Launcher.debug.xcconfig"; sourceTree = "<group>"; };
		D301B6E42FC94B9A4D1E2B10 /* Pods_N_Clip_Board.framework */ = {isa = PBXFileReference; explicitFileType = wrapper.framework; includeInIndex = 0; path = Pods_N_Clip_Board.framework; sourceTree = BUILT_PRODUCTS_DIR; };
		DB12A633235A120100998198 /* PBStore.xcdatamodel */ = {isa = PBXFileReference; lastKnownFileType = wrapper.xcdatamodel; path = PBStore.xcdatamodel; sourceTree = "<group>"; };
		DB12A639235AAB6500998198 /* Treansformers.swift */ = {isa = PBXFileReference; lastKnownFileType = sourcecode.swift; path = Treansformers.swift; sourceTree = "<group>"; };
		DB18F06C2355C71E00D97341 /* PBItem.swift */ = {isa = PBXFileReference; lastKnownFileType = sourcecode.swift; path = PBItem.swift; sourceTree = "<group>"; };
		DB27742F232F866300D4547D /* N Clip BoardTests.xctest */ = {isa = PBXFileReference; explicitFileType = wrapper.cfbundle; includeInIndex = 0; path = "N Clip BoardTests.xctest"; sourceTree = BUILT_PRODUCTS_DIR; };
		DB277431232F866300D4547D /* N_Clip_BoardTests.swift */ = {isa = PBXFileReference; lastKnownFileType = sourcecode.swift; path = N_Clip_BoardTests.swift; sourceTree = "<group>"; };
		DB277433232F866300D4547D /* Info.plist */ = {isa = PBXFileReference; lastKnownFileType = text.plist.xml; path = Info.plist; sourceTree = "<group>"; };
		DB277439232F9ABC00D4547D /* ServiceManagement.framework */ = {isa = PBXFileReference; lastKnownFileType = wrapper.framework; name = ServiceManagement.framework; path = System/Library/Frameworks/ServiceManagement.framework; sourceTree = SDKROOT; };
		DB27743C232FA32700D4547D /* FileWatcher.swift */ = {isa = PBXFileReference; lastKnownFileType = sourcecode.swift; path = FileWatcher.swift; sourceTree = "<group>"; };
		DB277481233069EF00D4547D /* LoggingService.swift */ = {isa = PBXFileReference; lastKnownFileType = sourcecode.swift; path = LoggingService.swift; sourceTree = "<group>"; };
		DB27748423306A8C00D4547D /* SwiftyBeaver.framework */ = {isa = PBXFileReference; explicitFileType = wrapper.framework; path = SwiftyBeaver.framework; sourceTree = BUILT_PRODUCTS_DIR; };
		DB2774862330723D00D4547D /* SwiftyBeaver.framework */ = {isa = PBXFileReference; explicitFileType = wrapper.framework; path = SwiftyBeaver.framework; sourceTree = BUILT_PRODUCTS_DIR; };
		DB2774892330731200D4547D /* SwiftyBeaver.framework */ = {isa = PBXFileReference; explicitFileType = wrapper.framework; path = SwiftyBeaver.framework; sourceTree = BUILT_PRODUCTS_DIR; };
		DB27748C2330740A00D4547D /* SwiftyBeaver.framework */ = {isa = PBXFileReference; explicitFileType = wrapper.framework; path = SwiftyBeaver.framework; sourceTree = BUILT_PRODUCTS_DIR; };
		DB27749323308CEA00D4547D /* Launcher.app */ = {isa = PBXFileReference; explicitFileType = wrapper.application; includeInIndex = 0; path = Launcher.app; sourceTree = BUILT_PRODUCTS_DIR; };
		DB27749523308CEA00D4547D /* AppDelegate.swift */ = {isa = PBXFileReference; lastKnownFileType = sourcecode.swift; path = AppDelegate.swift; sourceTree = "<group>"; };
		DB27749A23308CEB00D4547D /* Base */ = {isa = PBXFileReference; lastKnownFileType = file.xib; name = Base; path = Base.lproj/MainMenu.xib; sourceTree = "<group>"; };
		DB27749C23308CEB00D4547D /* Info.plist */ = {isa = PBXFileReference; lastKnownFileType = text.plist.xml; path = Info.plist; sourceTree = "<group>"; };
		DB27749D23308CEB00D4547D /* Launcher.entitlements */ = {isa = PBXFileReference; lastKnownFileType = text.plist.entitlements; path = Launcher.entitlements; sourceTree = "<group>"; };
		DB2774A223308E9000D4547D /* SwiftyBeaver.framework */ = {isa = PBXFileReference; explicitFileType = wrapper.framework; path = SwiftyBeaver.framework; sourceTree = BUILT_PRODUCTS_DIR; };
		DB2774AA2330F9BF00D4547D /* libSwiftyBeaver.a */ = {isa = PBXFileReference; explicitFileType = archive.ar; path = libSwiftyBeaver.a; sourceTree = BUILT_PRODUCTS_DIR; };
		DB2774AC2330FE0F00D4547D /* N Clip Board.entitlements */ = {isa = PBXFileReference; lastKnownFileType = text.plist.entitlements; path = "N Clip Board.entitlements"; sourceTree = "<group>"; };
		DB38B2F4232D40BE00DFA3A0 /* PreferencePanel.xib */ = {isa = PBXFileReference; fileEncoding = 4; lastKnownFileType = file.xib; path = PreferencePanel.xib; sourceTree = "<group>"; };
		DB4CA1EB235D5806007BB8D2 /* AccessibilityService.swift */ = {isa = PBXFileReference; lastKnownFileType = sourcecode.swift; path = AccessibilityService.swift; sourceTree = "<group>"; };
		DB5F25B223290141007993F6 /* SearchViewController.swift */ = {isa = PBXFileReference; lastKnownFileType = sourcecode.swift; path = SearchViewController.swift; sourceTree = "<group>"; };
		DB5F25B423290200007993F6 /* SearchWindowController.swift */ = {isa = PBXFileReference; lastKnownFileType = sourcecode.swift; path = SearchWindowController.swift; sourceTree = "<group>"; };
		DB5F25B623290624007993F6 /* SearchPanel.xib */ = {isa = PBXFileReference; lastKnownFileType = file.xib; path = SearchPanel.xib; sourceTree = "<group>"; };
		DB655E36232B9AED00262660 /* PreferencePanelController.swift */ = {isa = PBXFileReference; lastKnownFileType = sourcecode.swift; name = PreferencePanelController.swift; path = "N Clip Board/Preference/PreferencePanelController.swift"; sourceTree = SOURCE_ROOT; };
		DB655E3A232B9DF100262660 /* Extensions.swift */ = {isa = PBXFileReference; lastKnownFileType = sourcecode.swift; path = Extensions.swift; sourceTree = "<group>"; };
		DB655E3C232BBF8600262660 /* ClipBoardService.swift */ = {isa = PBXFileReference; lastKnownFileType = sourcecode.swift; path = ClipBoardService.swift; sourceTree = "<group>"; };
		DB655E3E232BD2BF00262660 /* NError.swift */ = {isa = PBXFileReference; lastKnownFileType = sourcecode.swift; path = NError.swift; sourceTree = "<group>"; };
		DB93DE88232D4FE20074E740 /* GeneralViewController.swift */ = {isa = PBXFileReference; lastKnownFileType = sourcecode.swift; path = GeneralViewController.swift; sourceTree = "<group>"; };
		DB93DE89232D4FE20074E740 /* GeneralViewController.xib */ = {isa = PBXFileReference; lastKnownFileType = file.xib; path = GeneralViewController.xib; sourceTree = "<group>"; };
		DBA6F87C232DD47A0081FD48 /* AdvancedViewController.swift */ = {isa = PBXFileReference; lastKnownFileType = sourcecode.swift; path = AdvancedViewController.swift; sourceTree = "<group>"; };
		DBA6F87D232DD47A0081FD48 /* AdvancedViewController.xib */ = {isa = PBXFileReference; lastKnownFileType = file.xib; path = AdvancedViewController.xib; sourceTree = "<group>"; };
		DBA6F880232E7D820081FD48 /* SnippetsViewController.swift */ = {isa = PBXFileReference; lastKnownFileType = sourcecode.swift; path = SnippetsViewController.swift; sourceTree = "<group>"; };
		DBA6F881232E7D820081FD48 /* SnippetsViewController.xib */ = {isa = PBXFileReference; lastKnownFileType = file.xib; path = SnippetsViewController.xib; sourceTree = "<group>"; };
		DBA6F884232E96050081FD48 /* AppearanceViewController.swift */ = {isa = PBXFileReference; lastKnownFileType = sourcecode.swift; path = AppearanceViewController.swift; sourceTree = "<group>"; };
		DBA6F885232E96050081FD48 /* AppearanceViewController.xib */ = {isa = PBXFileReference; lastKnownFileType = file.xib; path = AppearanceViewController.xib; sourceTree = "<group>"; };
		DBC3BE8B2350264900121044 /* Utility.swift */ = {isa = PBXFileReference; lastKnownFileType = sourcecode.swift; path = Utility.swift; sourceTree = "<group>"; };
		DBEBD51E234347BA00233746 /* LoginService.swift */ = {isa = PBXFileReference; lastKnownFileType = sourcecode.swift; path = LoginService.swift; sourceTree = "<group>"; };
		DBEBD52023434C5D00233746 /* Constants.swift */ = {isa = PBXFileReference; lastKnownFileType = sourcecode.swift; path = Constants.swift; sourceTree = "<group>"; };
		DBEF770A2324F23F00A63D28 /* N Clip Board.app */ = {isa = PBXFileReference; explicitFileType = wrapper.application; includeInIndex = 0; path = "N Clip Board.app"; sourceTree = BUILT_PRODUCTS_DIR; };
		DBEF770D2324F23F00A63D28 /* AppDelegate.swift */ = {isa = PBXFileReference; lastKnownFileType = sourcecode.swift; path = AppDelegate.swift; sourceTree = "<group>"; };
		DBEF770F2324F23F00A63D28 /* Assets.xcassets */ = {isa = PBXFileReference; lastKnownFileType = folder.assetcatalog; path = Assets.xcassets; sourceTree = "<group>"; };
		DBEF77122324F23F00A63D28 /* Base */ = {isa = PBXFileReference; lastKnownFileType = file.xib; name = Base; path = Base.lproj/MainMenu.xib; sourceTree = "<group>"; };
		DBEF77142324F24000A63D28 /* Info.plist */ = {isa = PBXFileReference; lastKnownFileType = text.plist.xml; path = Info.plist; sourceTree = "<group>"; };
		DBEF771B2325016E00A63D28 /* OpenQuicklyX.framework */ = {isa = PBXFileReference; explicitFileType = wrapper.framework; path = OpenQuicklyX.framework; sourceTree = BUILT_PRODUCTS_DIR; };
/* End PBXFileReference section */

/* Begin PBXFrameworksBuildPhase section */
		DB27742C232F866300D4547D /* Frameworks */ = {
			isa = PBXFrameworksBuildPhase;
			buildActionMask = 2147483647;
			files = (
			);
			runOnlyForDeploymentPostprocessing = 0;
		};
		DB27749023308CEA00D4547D /* Frameworks */ = {
			isa = PBXFrameworksBuildPhase;
			buildActionMask = 2147483647;
			files = (
				D7D306DA5FA32DB1E4BA9464 /* Pods_Launcher.framework in Frameworks */,
			);
			runOnlyForDeploymentPostprocessing = 0;
		};
		DBEF77072324F23F00A63D28 /* Frameworks */ = {
			isa = PBXFrameworksBuildPhase;
			buildActionMask = 2147483647;
			files = (
				19E731E47B478DB83F8FA979 /* Pods_N_Clip_Board.framework in Frameworks */,
			);
			runOnlyForDeploymentPostprocessing = 0;
		};
/* End PBXFrameworksBuildPhase section */

/* Begin PBXGroup section */
		C261A11D424A1B6EE9659870 /* Frameworks */ = {
			isa = PBXGroup;
			children = (
				DB2774AA2330F9BF00D4547D /* libSwiftyBeaver.a */,
				DB2774A223308E9000D4547D /* SwiftyBeaver.framework */,
				DB27748C2330740A00D4547D /* SwiftyBeaver.framework */,
				DB2774892330731200D4547D /* SwiftyBeaver.framework */,
				DB2774862330723D00D4547D /* SwiftyBeaver.framework */,
				DB27748423306A8C00D4547D /* SwiftyBeaver.framework */,
				DB277439232F9ABC00D4547D /* ServiceManagement.framework */,
				DBEF771B2325016E00A63D28 /* OpenQuicklyX.framework */,
				A954E7A8FF480272D714CF03 /* Pods_Launcher.framework */,
				D301B6E42FC94B9A4D1E2B10 /* Pods_N_Clip_Board.framework */,
			);
			name = Frameworks;
			sourceTree = "<group>";
		};
		C3EFDB7B9192615D76DA929F /* Pods */ = {
			isa = PBXGroup;
			children = (
				4CF13127831EF3F43BE9AEFD /* Pods-N Clip Board.debug.xcconfig */,
				B9F90EB868A137C49ED41B90 /* Pods-N Clip Board.release.xcconfig */,
				CAFA9EFF4E701D1677ED6DC5 /* Pods-Launcher.debug.xcconfig */,
				A86AC3F3486A62A306A5F88E /* Pods-Launcher.release.xcconfig */,
			);
			path = Pods;
			sourceTree = "<group>";
		};
		DB12A63D235C150200998198 /* SearchPanel */ = {
			isa = PBXGroup;
			children = (
				DB5F25B423290200007993F6 /* SearchWindowController.swift */,
				DB5F25B223290141007993F6 /* SearchViewController.swift */,
				DB5F25B623290624007993F6 /* SearchPanel.xib */,
			);
			path = SearchPanel;
			sourceTree = "<group>";
		};
		DB18F06B2355C70A00D97341 /* Model */ = {
			isa = PBXGroup;
			children = (
				DB18F06C2355C71E00D97341 /* PBItem.swift */,
			);
			path = Model;
			sourceTree = "<group>";
		};
		DB277430232F866300D4547D /* N Clip BoardTests */ = {
			isa = PBXGroup;
			children = (
				DB277431232F866300D4547D /* N_Clip_BoardTests.swift */,
				DB277433232F866300D4547D /* Info.plist */,
			);
			path = "N Clip BoardTests";
			sourceTree = "<group>";
		};
		DB27743B232FA30200D4547D /* Service */ = {
			isa = PBXGroup;
			children = (
				DB27743C232FA32700D4547D /* FileWatcher.swift */,
				DB655E3C232BBF8600262660 /* ClipBoardService.swift */,
				DB277481233069EF00D4547D /* LoggingService.swift */,
				DBEBD51E234347BA00233746 /* LoginService.swift */,
				DB4CA1EB235D5806007BB8D2 /* AccessibilityService.swift */,
			);
			path = Service;
			sourceTree = "<group>";
		};
		DB27749423308CEA00D4547D /* Launcher */ = {
			isa = PBXGroup;
			children = (
				DB27749523308CEA00D4547D /* AppDelegate.swift */,
				DB27749923308CEB00D4547D /* MainMenu.xib */,
				DB27749C23308CEB00D4547D /* Info.plist */,
				DB27749D23308CEB00D4547D /* Launcher.entitlements */,
			);
			path = Launcher;
			sourceTree = "<group>";
		};
		DB5F25B823290697007993F6 /* MainXIB */ = {
			isa = PBXGroup;
			children = (
				DBEF77112324F23F00A63D28 /* MainMenu.xib */,
				DB38B2F4232D40BE00DFA3A0 /* PreferencePanel.xib */,
			);
			path = MainXIB;
			sourceTree = "<group>";
		};
		DB93CF40232D083F00F930B2 /* Preference */ = {
			isa = PBXGroup;
			children = (
				DB655E36232B9AED00262660 /* PreferencePanelController.swift */,
				DBA6F884232E96050081FD48 /* AppearanceViewController.swift */,
				DBA6F885232E96050081FD48 /* AppearanceViewController.xib */,
				DB93DE88232D4FE20074E740 /* GeneralViewController.swift */,
				DB93DE89232D4FE20074E740 /* GeneralViewController.xib */,
				DBA6F87C232DD47A0081FD48 /* AdvancedViewController.swift */,
				DBA6F87D232DD47A0081FD48 /* AdvancedViewController.xib */,
				DBA6F880232E7D820081FD48 /* SnippetsViewController.swift */,
				DBA6F881232E7D820081FD48 /* SnippetsViewController.xib */,
			);
			path = Preference;
			sourceTree = "<group>";
		};
		DBEF77012324F23F00A63D28 = {
			isa = PBXGroup;
			children = (
				DBEF770C2324F23F00A63D28 /* N Clip Board */,
				DB277430232F866300D4547D /* N Clip BoardTests */,
				DB27749423308CEA00D4547D /* Launcher */,
				DBEF770B2324F23F00A63D28 /* Products */,
				C3EFDB7B9192615D76DA929F /* Pods */,
				C261A11D424A1B6EE9659870 /* Frameworks */,
			);
			sourceTree = "<group>";
		};
		DBEF770B2324F23F00A63D28 /* Products */ = {
			isa = PBXGroup;
			children = (
				DBEF770A2324F23F00A63D28 /* N Clip Board.app */,
				DB27742F232F866300D4547D /* N Clip BoardTests.xctest */,
				DB27749323308CEA00D4547D /* Launcher.app */,
			);
			name = Products;
			sourceTree = "<group>";
		};
		DBEF770C2324F23F00A63D28 /* N Clip Board */ = {
			isa = PBXGroup;
			children = (
				DB12A63D235C150200998198 /* SearchPanel */,
				DB12A639235AAB6500998198 /* Treansformers.swift */,
				DB12A632235A120100998198 /* PBStore.xcdatamodeld */,
				DB18F06B2355C70A00D97341 /* Model */,
				DB2774AC2330FE0F00D4547D /* N Clip Board.entitlements */,
				DB27743B232FA30200D4547D /* Service */,
				DB93CF40232D083F00F930B2 /* Preference */,
				DB5F25B823290697007993F6 /* MainXIB */,
				DBEF770D2324F23F00A63D28 /* AppDelegate.swift */,
				DB655E3E232BD2BF00262660 /* NError.swift */,
				DB655E3A232B9DF100262660 /* Extensions.swift */,
				DBC3BE8B2350264900121044 /* Utility.swift */,
				DBEBD52023434C5D00233746 /* Constants.swift */,
				DBEF770F2324F23F00A63D28 /* Assets.xcassets */,
				DBEF77142324F24000A63D28 /* Info.plist */,
			);
			path = "N Clip Board";
			sourceTree = "<group>";
		};
/* End PBXGroup section */

/* Begin PBXNativeTarget section */
		DB27742E232F866300D4547D /* N Clip BoardTests */ = {
			isa = PBXNativeTarget;
			buildConfigurationList = DB277436232F866300D4547D /* Build configuration list for PBXNativeTarget "N Clip BoardTests" */;
			buildPhases = (
				DB27742B232F866300D4547D /* Sources */,
				DB27742C232F866300D4547D /* Frameworks */,
				DB27742D232F866300D4547D /* Resources */,
			);
			buildRules = (
			);
			dependencies = (
				DB277435232F866300D4547D /* PBXTargetDependency */,
			);
			name = "N Clip BoardTests";
			productName = "N Clip BoardTests";
			productReference = DB27742F232F866300D4547D /* N Clip BoardTests.xctest */;
			productType = "com.apple.product-type.bundle.unit-test";
		};
		DB27749223308CEA00D4547D /* Launcher */ = {
			isa = PBXNativeTarget;
			buildConfigurationList = DB27749E23308CEB00D4547D /* Build configuration list for PBXNativeTarget "Launcher" */;
			buildPhases = (
				96D7C5E976990D55A2E43CB5 /* [CP] Check Pods Manifest.lock */,
				DB27748F23308CEA00D4547D /* Sources */,
				DB27749023308CEA00D4547D /* Frameworks */,
				DB27749123308CEA00D4547D /* Resources */,
				7E21EF685EC7A08276C75DD2 /* [CP] Embed Pods Frameworks */,
			);
			buildRules = (
			);
			dependencies = (
			);
			name = Launcher;
			productName = Launcher;
			productReference = DB27749323308CEA00D4547D /* Launcher.app */;
			productType = "com.apple.product-type.application";
		};
		DBEF77092324F23F00A63D28 /* N Clip Board */ = {
			isa = PBXNativeTarget;
			buildConfigurationList = DBEF77182324F24000A63D28 /* Build configuration list for PBXNativeTarget "N Clip Board" */;
			buildPhases = (
				D4D0A03E904AD44355BFA634 /* [CP] Check Pods Manifest.lock */,
				DBEF77062324F23F00A63D28 /* Sources */,
				DBEF77072324F23F00A63D28 /* Frameworks */,
				DBEF77082324F23F00A63D28 /* Resources */,
				DB27743E232FAB2F00D4547D /* Copy Files */,
				620BDF9542D2E4F27D8AAF15 /* [CP] Embed Pods Frameworks */,
			);
			buildRules = (
			);
			dependencies = (
			);
			name = "N Clip Board";
			productName = "N Clip Board";
			productReference = DBEF770A2324F23F00A63D28 /* N Clip Board.app */;
			productType = "com.apple.product-type.application";
		};
/* End PBXNativeTarget section */

/* Begin PBXProject section */
		DBEF77022324F23F00A63D28 /* Project object */ = {
			isa = PBXProject;
			attributes = {
				LastSwiftUpdateCheck = 1030;
				LastUpgradeCheck = 1030;
				ORGANIZATIONNAME = branson;
				TargetAttributes = {
					DB27742E232F866300D4547D = {
						CreatedOnToolsVersion = 10.3;
						TestTargetID = DBEF77092324F23F00A63D28;
					};
					DB27749223308CEA00D4547D = {
						CreatedOnToolsVersion = 10.3;
					};
					DBEF77092324F23F00A63D28 = {
						CreatedOnToolsVersion = 10.3;
						LastSwiftMigration = 1030;
						SystemCapabilities = {
							com.apple.Sandbox = {
								enabled = 1;
							};
						};
					};
				};
			};
			buildConfigurationList = DBEF77052324F23F00A63D28 /* Build configuration list for PBXProject "N Clip Board" */;
			compatibilityVersion = "Xcode 9.3";
			developmentRegion = en;
			hasScannedForEncodings = 0;
			knownRegions = (
				en,
				Base,
			);
			mainGroup = DBEF77012324F23F00A63D28;
			productRefGroup = DBEF770B2324F23F00A63D28 /* Products */;
			projectDirPath = "";
			projectRoot = "";
			targets = (
				DBEF77092324F23F00A63D28 /* N Clip Board */,
				DB27749223308CEA00D4547D /* Launcher */,
				DB27742E232F866300D4547D /* N Clip BoardTests */,
			);
		};
/* End PBXProject section */

/* Begin PBXResourcesBuildPhase section */
		DB27742D232F866300D4547D /* Resources */ = {
			isa = PBXResourcesBuildPhase;
			buildActionMask = 2147483647;
			files = (
			);
			runOnlyForDeploymentPostprocessing = 0;
		};
		DB27749123308CEA00D4547D /* Resources */ = {
			isa = PBXResourcesBuildPhase;
			buildActionMask = 2147483647;
			files = (
				DB2774A123308D0200D4547D /* Assets.xcassets in Resources */,
				DB27749B23308CEB00D4547D /* MainMenu.xib in Resources */,
			);
			runOnlyForDeploymentPostprocessing = 0;
		};
		DBEF77082324F23F00A63D28 /* Resources */ = {
			isa = PBXResourcesBuildPhase;
			buildActionMask = 2147483647;
			files = (
				DB5F25B723290624007993F6 /* SearchPanel.xib in Resources */,
				DBA6F883232E7D820081FD48 /* SnippetsViewController.xib in Resources */,
				DB93DE8B232D4FE20074E740 /* GeneralViewController.xib in Resources */,
				DBA6F87F232DD47A0081FD48 /* AdvancedViewController.xib in Resources */,
				DBA6F887232E96050081FD48 /* AppearanceViewController.xib in Resources */,
				DBEF77102324F23F00A63D28 /* Assets.xcassets in Resources */,
				DBEF77132324F24000A63D28 /* MainMenu.xib in Resources */,
				DB38B2F5232D40BE00DFA3A0 /* PreferencePanel.xib in Resources */,
			);
			runOnlyForDeploymentPostprocessing = 0;
		};
/* End PBXResourcesBuildPhase section */

/* Begin PBXShellScriptBuildPhase section */
		620BDF9542D2E4F27D8AAF15 /* [CP] Embed Pods Frameworks */ = {
			isa = PBXShellScriptBuildPhase;
			buildActionMask = 2147483647;
			files = (
			);
			inputFileListPaths = (
				"${PODS_ROOT}/Target Support Files/Pods-N Clip Board/Pods-N Clip Board-frameworks-${CONFIGURATION}-input-files.xcfilelist",
			);
			name = "[CP] Embed Pods Frameworks";
			outputFileListPaths = (
				"${PODS_ROOT}/Target Support Files/Pods-N Clip Board/Pods-N Clip Board-frameworks-${CONFIGURATION}-output-files.xcfilelist",
			);
			runOnlyForDeploymentPostprocessing = 0;
			shellPath = /bin/sh;
			shellScript = "\"${PODS_ROOT}/Target Support Files/Pods-N Clip Board/Pods-N Clip Board-frameworks.sh\"\n";
			showEnvVarsInLog = 0;
		};
		7E21EF685EC7A08276C75DD2 /* [CP] Embed Pods Frameworks */ = {
			isa = PBXShellScriptBuildPhase;
			buildActionMask = 2147483647;
			files = (
			);
			inputFileListPaths = (
				"${PODS_ROOT}/Target Support Files/Pods-Launcher/Pods-Launcher-frameworks-${CONFIGURATION}-input-files.xcfilelist",
			);
			name = "[CP] Embed Pods Frameworks";
			outputFileListPaths = (
				"${PODS_ROOT}/Target Support Files/Pods-Launcher/Pods-Launcher-frameworks-${CONFIGURATION}-output-files.xcfilelist",
			);
			runOnlyForDeploymentPostprocessing = 0;
			shellPath = /bin/sh;
			shellScript = "\"${PODS_ROOT}/Target Support Files/Pods-Launcher/Pods-Launcher-frameworks.sh\"\n";
			showEnvVarsInLog = 0;
		};
		96D7C5E976990D55A2E43CB5 /* [CP] Check Pods Manifest.lock */ = {
			isa = PBXShellScriptBuildPhase;
			buildActionMask = 2147483647;
			files = (
			);
			inputFileListPaths = (
			);
			inputPaths = (
				"${PODS_PODFILE_DIR_PATH}/Podfile.lock",
				"${PODS_ROOT}/Manifest.lock",
			);
			name = "[CP] Check Pods Manifest.lock";
			outputFileListPaths = (
			);
			outputPaths = (
				"$(DERIVED_FILE_DIR)/Pods-Launcher-checkManifestLockResult.txt",
			);
			runOnlyForDeploymentPostprocessing = 0;
			shellPath = /bin/sh;
			shellScript = "diff \"${PODS_PODFILE_DIR_PATH}/Podfile.lock\" \"${PODS_ROOT}/Manifest.lock\" > /dev/null\nif [ $? != 0 ] ; then\n    # print error to STDERR\n    echo \"error: The sandbox is not in sync with the Podfile.lock. Run 'pod install' or update your CocoaPods installation.\" >&2\n    exit 1\nfi\n# This output is used by Xcode 'outputs' to avoid re-running this script phase.\necho \"SUCCESS\" > \"${SCRIPT_OUTPUT_FILE_0}\"\n";
			showEnvVarsInLog = 0;
		};
		D4D0A03E904AD44355BFA634 /* [CP] Check Pods Manifest.lock */ = {
			isa = PBXShellScriptBuildPhase;
			buildActionMask = 2147483647;
			files = (
			);
			inputFileListPaths = (
			);
			inputPaths = (
				"${PODS_PODFILE_DIR_PATH}/Podfile.lock",
				"${PODS_ROOT}/Manifest.lock",
			);
			name = "[CP] Check Pods Manifest.lock";
			outputFileListPaths = (
			);
			outputPaths = (
				"$(DERIVED_FILE_DIR)/Pods-N Clip Board-checkManifestLockResult.txt",
			);
			runOnlyForDeploymentPostprocessing = 0;
			shellPath = /bin/sh;
			shellScript = "diff \"${PODS_PODFILE_DIR_PATH}/Podfile.lock\" \"${PODS_ROOT}/Manifest.lock\" > /dev/null\nif [ $? != 0 ] ; then\n    # print error to STDERR\n    echo \"error: The sandbox is not in sync with the Podfile.lock. Run 'pod install' or update your CocoaPods installation.\" >&2\n    exit 1\nfi\n# This output is used by Xcode 'outputs' to avoid re-running this script phase.\necho \"SUCCESS\" > \"${SCRIPT_OUTPUT_FILE_0}\"\n";
			showEnvVarsInLog = 0;
		};
/* End PBXShellScriptBuildPhase section */

/* Begin PBXSourcesBuildPhase section */
		DB27742B232F866300D4547D /* Sources */ = {
			isa = PBXSourcesBuildPhase;
			buildActionMask = 2147483647;
			files = (
				DB277432232F866300D4547D /* N_Clip_BoardTests.swift in Sources */,
			);
			runOnlyForDeploymentPostprocessing = 0;
		};
		DB27748F23308CEA00D4547D /* Sources */ = {
			isa = PBXSourcesBuildPhase;
			buildActionMask = 2147483647;
			files = (
				DB27749623308CEA00D4547D /* AppDelegate.swift in Sources */,
				DB2774AD2331067300D4547D /* LoggingService.swift in Sources */,
				DBEBD52223434C5D00233746 /* Constants.swift in Sources */,
			);
			runOnlyForDeploymentPostprocessing = 0;
		};
		DBEF77062324F23F00A63D28 /* Sources */ = {
			isa = PBXSourcesBuildPhase;
			buildActionMask = 2147483647;
			files = (
				DB655E3F232BD2BF00262660 /* NError.swift in Sources */,
				DB5F25B323290141007993F6 /* SearchViewController.swift in Sources */,
				DB27743D232FA32800D4547D /* FileWatcher.swift in Sources */,
				DB12A634235A120100998198 /* PBStore.xcdatamodeld in Sources */,
				DB655E38232B9AED00262660 /* PreferencePanelController.swift in Sources */,
				DBA6F886232E96050081FD48 /* AppearanceViewController.swift in Sources */,
				DB655E3D232BBF8600262660 /* ClipBoardService.swift in Sources */,
				DB12A63A235AAB6500998198 /* Treansformers.swift in Sources */,
				DB4CA1EC235D5806007BB8D2 /* AccessibilityService.swift in Sources */,
				DB277482233069EF00D4547D /* LoggingService.swift in Sources */,
				DB655E3B232B9DF100262660 /* Extensions.swift in Sources */,
				DBEBD52123434C5D00233746 /* Constants.swift in Sources */,
				DBA6F87E232DD47A0081FD48 /* AdvancedViewController.swift in Sources */,
				DBA6F882232E7D820081FD48 /* SnippetsViewController.swift in Sources */,
				DB18F06D2355C71E00D97341 /* PBItem.swift in Sources */,
				DB93DE8A232D4FE20074E740 /* GeneralViewController.swift in Sources */,
				DBC3BE8C2350264900121044 /* Utility.swift in Sources */,
				DBEF770E2324F23F00A63D28 /* AppDelegate.swift in Sources */,
				DB5F25B523290200007993F6 /* SearchWindowController.swift in Sources */,
				DBEBD51F234347BA00233746 /* LoginService.swift in Sources */,
			);
			runOnlyForDeploymentPostprocessing = 0;
		};
/* End PBXSourcesBuildPhase section */

/* Begin PBXTargetDependency section */
		DB277435232F866300D4547D /* PBXTargetDependency */ = {
			isa = PBXTargetDependency;
			target = DBEF77092324F23F00A63D28 /* N Clip Board */;
			targetProxy = DB277434232F866300D4547D /* PBXContainerItemProxy */;
		};
/* End PBXTargetDependency section */

/* Begin PBXVariantGroup section */
		DB27749923308CEB00D4547D /* MainMenu.xib */ = {
			isa = PBXVariantGroup;
			children = (
				DB27749A23308CEB00D4547D /* Base */,
			);
			name = MainMenu.xib;
			sourceTree = "<group>";
		};
		DBEF77112324F23F00A63D28 /* MainMenu.xib */ = {
			isa = PBXVariantGroup;
			children = (
				DBEF77122324F23F00A63D28 /* Base */,
			);
			name = MainMenu.xib;
			sourceTree = "<group>";
		};
/* End PBXVariantGroup section */

/* Begin XCBuildConfiguration section */
		DB277437232F866300D4547D /* Debug */ = {
			isa = XCBuildConfiguration;
			buildSettings = {
				BUNDLE_LOADER = "$(TEST_HOST)";
				CODE_SIGN_STYLE = Manual;
				COMBINE_HIDPI_IMAGES = YES;
				DEVELOPMENT_TEAM = "";
				INFOPLIST_FILE = "N Clip BoardTests/Info.plist";
				LD_RUNPATH_SEARCH_PATHS = (
					"$(inherited)",
					"@executable_path/../Frameworks",
					"@loader_path/../Frameworks",
				);
				PRODUCT_BUNDLE_IDENTIFIER = "poor-branson.N-Clip-BoardTests";
				PRODUCT_NAME = "$(TARGET_NAME)";
				PROVISIONING_PROFILE_SPECIFIER = "";
				SWIFT_VERSION = 5.0;
				TEST_HOST = "$(BUILT_PRODUCTS_DIR)/N Clip Board.app/Contents/MacOS/N Clip Board";
			};
			name = Debug;
		};
		DB277438232F866300D4547D /* Release */ = {
			isa = XCBuildConfiguration;
			buildSettings = {
				BUNDLE_LOADER = "$(TEST_HOST)";
				CODE_SIGN_STYLE = Manual;
				COMBINE_HIDPI_IMAGES = YES;
				DEVELOPMENT_TEAM = "";
				INFOPLIST_FILE = "N Clip BoardTests/Info.plist";
				LD_RUNPATH_SEARCH_PATHS = (
					"$(inherited)",
					"@executable_path/../Frameworks",
					"@loader_path/../Frameworks",
				);
				PRODUCT_BUNDLE_IDENTIFIER = "poor-branson.N-Clip-BoardTests";
				PRODUCT_NAME = "$(TARGET_NAME)";
				PROVISIONING_PROFILE_SPECIFIER = "";
				SWIFT_VERSION = 5.0;
				TEST_HOST = "$(BUILT_PRODUCTS_DIR)/N Clip Board.app/Contents/MacOS/N Clip Board";
			};
			name = Release;
		};
		DB27749F23308CEB00D4547D /* Debug */ = {
			isa = XCBuildConfiguration;
			baseConfigurationReference = CAFA9EFF4E701D1677ED6DC5 /* Pods-Launcher.debug.xcconfig */;
			buildSettings = {
				ASSETCATALOG_COMPILER_APPICON_NAME = AppIcon;
				CODE_SIGN_ENTITLEMENTS = Launcher/Launcher.entitlements;
				CODE_SIGN_STYLE = Manual;
				COMBINE_HIDPI_IMAGES = YES;
				DEVELOPMENT_TEAM = "";
				INFOPLIST_FILE = Launcher/Info.plist;
				LD_RUNPATH_SEARCH_PATHS = (
					"$(inherited)",
					"@executable_path/../Frameworks",
				);
				PRODUCT_BUNDLE_IDENTIFIER = "launcher.poor-branson.N-Clip-Board";
				PRODUCT_NAME = "$(TARGET_NAME)";
				PROVISIONING_PROFILE_SPECIFIER = "";
				SWIFT_INCLUDE_PATHS = "$(inherited) \"${PODS_CONFIGURATION_BUILD_DIR}/SwiftyBeaver\"";
				SWIFT_VERSION = 5.0;
			};
			name = Debug;
		};
		DB2774A023308CEB00D4547D /* Release */ = {
			isa = XCBuildConfiguration;
			baseConfigurationReference = A86AC3F3486A62A306A5F88E /* Pods-Launcher.release.xcconfig */;
			buildSettings = {
				ASSETCATALOG_COMPILER_APPICON_NAME = AppIcon;
				CODE_SIGN_ENTITLEMENTS = Launcher/Launcher.entitlements;
				CODE_SIGN_STYLE = Manual;
				COMBINE_HIDPI_IMAGES = YES;
				DEVELOPMENT_TEAM = "";
				INFOPLIST_FILE = Launcher/Info.plist;
				LD_RUNPATH_SEARCH_PATHS = (
					"$(inherited)",
					"@executable_path/../Frameworks",
				);
				PRODUCT_BUNDLE_IDENTIFIER = "launcher.poor-branson.N-Clip-Board";
				PRODUCT_NAME = "$(TARGET_NAME)";
				PROVISIONING_PROFILE_SPECIFIER = "";
				SWIFT_INCLUDE_PATHS = "$(inherited) \"${PODS_CONFIGURATION_BUILD_DIR}/SwiftyBeaver\"";
				SWIFT_VERSION = 5.0;
			};
			name = Release;
		};
		DBEF77162324F24000A63D28 /* Debug */ = {
			isa = XCBuildConfiguration;
			buildSettings = {
				ALWAYS_SEARCH_USER_PATHS = NO;
				CLANG_ANALYZER_NONNULL = YES;
				CLANG_ANALYZER_NUMBER_OBJECT_CONVERSION = YES_AGGRESSIVE;
				CLANG_CXX_LANGUAGE_STANDARD = "gnu++14";
				CLANG_CXX_LIBRARY = "libc++";
				CLANG_ENABLE_MODULES = YES;
				CLANG_ENABLE_OBJC_ARC = YES;
				CLANG_ENABLE_OBJC_WEAK = YES;
				CLANG_WARN_BLOCK_CAPTURE_AUTORELEASING = YES;
				CLANG_WARN_BOOL_CONVERSION = YES;
				CLANG_WARN_COMMA = YES;
				CLANG_WARN_CONSTANT_CONVERSION = YES;
				CLANG_WARN_DEPRECATED_OBJC_IMPLEMENTATIONS = YES;
				CLANG_WARN_DIRECT_OBJC_ISA_USAGE = YES_ERROR;
				CLANG_WARN_DOCUMENTATION_COMMENTS = YES;
				CLANG_WARN_EMPTY_BODY = YES;
				CLANG_WARN_ENUM_CONVERSION = YES;
				CLANG_WARN_INFINITE_RECURSION = YES;
				CLANG_WARN_INT_CONVERSION = YES;
				CLANG_WARN_NON_LITERAL_NULL_CONVERSION = YES;
				CLANG_WARN_OBJC_IMPLICIT_RETAIN_SELF = YES;
				CLANG_WARN_OBJC_LITERAL_CONVERSION = YES;
				CLANG_WARN_OBJC_ROOT_CLASS = YES_ERROR;
				CLANG_WARN_RANGE_LOOP_ANALYSIS = YES;
				CLANG_WARN_STRICT_PROTOTYPES = YES;
				CLANG_WARN_SUSPICIOUS_MOVE = YES;
				CLANG_WARN_UNGUARDED_AVAILABILITY = YES_AGGRESSIVE;
				CLANG_WARN_UNREACHABLE_CODE = YES;
				CLANG_WARN__DUPLICATE_METHOD_MATCH = YES;
				CODE_SIGN_IDENTITY = "-";
				COPY_PHASE_STRIP = NO;
				DEBUG_INFORMATION_FORMAT = dwarf;
				ENABLE_STRICT_OBJC_MSGSEND = YES;
				ENABLE_TESTABILITY = YES;
				GCC_C_LANGUAGE_STANDARD = gnu11;
				GCC_DYNAMIC_NO_PIC = NO;
				GCC_NO_COMMON_BLOCKS = YES;
				GCC_OPTIMIZATION_LEVEL = 0;
				GCC_PREPROCESSOR_DEFINITIONS = (
					"DEBUG=1",
					"$(inherited)",
				);
				GCC_WARN_64_TO_32_BIT_CONVERSION = YES;
				GCC_WARN_ABOUT_RETURN_TYPE = YES_ERROR;
				GCC_WARN_UNDECLARED_SELECTOR = YES;
				GCC_WARN_UNINITIALIZED_AUTOS = YES_AGGRESSIVE;
				GCC_WARN_UNUSED_FUNCTION = YES;
				GCC_WARN_UNUSED_VARIABLE = YES;
				MACOSX_DEPLOYMENT_TARGET = 10.14;
				MTL_ENABLE_DEBUG_INFO = INCLUDE_SOURCE;
				MTL_FAST_MATH = YES;
				ONLY_ACTIVE_ARCH = YES;
				SDKROOT = macosx;
				SWIFT_ACTIVE_COMPILATION_CONDITIONS = DEBUG;
				SWIFT_OPTIMIZATION_LEVEL = "-Onone";
			};
			name = Debug;
		};
		DBEF77172324F24000A63D28 /* Release */ = {
			isa = XCBuildConfiguration;
			buildSettings = {
				ALWAYS_SEARCH_USER_PATHS = NO;
				CLANG_ANALYZER_NONNULL = YES;
				CLANG_ANALYZER_NUMBER_OBJECT_CONVERSION = YES_AGGRESSIVE;
				CLANG_CXX_LANGUAGE_STANDARD = "gnu++14";
				CLANG_CXX_LIBRARY = "libc++";
				CLANG_ENABLE_MODULES = YES;
				CLANG_ENABLE_OBJC_ARC = YES;
				CLANG_ENABLE_OBJC_WEAK = YES;
				CLANG_WARN_BLOCK_CAPTURE_AUTORELEASING = YES;
				CLANG_WARN_BOOL_CONVERSION = YES;
				CLANG_WARN_COMMA = YES;
				CLANG_WARN_CONSTANT_CONVERSION = YES;
				CLANG_WARN_DEPRECATED_OBJC_IMPLEMENTATIONS = YES;
				CLANG_WARN_DIRECT_OBJC_ISA_USAGE = YES_ERROR;
				CLANG_WARN_DOCUMENTATION_COMMENTS = YES;
				CLANG_WARN_EMPTY_BODY = YES;
				CLANG_WARN_ENUM_CONVERSION = YES;
				CLANG_WARN_INFINITE_RECURSION = YES;
				CLANG_WARN_INT_CONVERSION = YES;
				CLANG_WARN_NON_LITERAL_NULL_CONVERSION = YES;
				CLANG_WARN_OBJC_IMPLICIT_RETAIN_SELF = YES;
				CLANG_WARN_OBJC_LITERAL_CONVERSION = YES;
				CLANG_WARN_OBJC_ROOT_CLASS = YES_ERROR;
				CLANG_WARN_RANGE_LOOP_ANALYSIS = YES;
				CLANG_WARN_STRICT_PROTOTYPES = YES;
				CLANG_WARN_SUSPICIOUS_MOVE = YES;
				CLANG_WARN_UNGUARDED_AVAILABILITY = YES_AGGRESSIVE;
				CLANG_WARN_UNREACHABLE_CODE = YES;
				CLANG_WARN__DUPLICATE_METHOD_MATCH = YES;
				CODE_SIGN_IDENTITY = "-";
				COPY_PHASE_STRIP = NO;
				DEBUG_INFORMATION_FORMAT = "dwarf-with-dsym";
				ENABLE_NS_ASSERTIONS = NO;
				ENABLE_STRICT_OBJC_MSGSEND = YES;
				GCC_C_LANGUAGE_STANDARD = gnu11;
				GCC_NO_COMMON_BLOCKS = YES;
				GCC_WARN_64_TO_32_BIT_CONVERSION = YES;
				GCC_WARN_ABOUT_RETURN_TYPE = YES_ERROR;
				GCC_WARN_UNDECLARED_SELECTOR = YES;
				GCC_WARN_UNINITIALIZED_AUTOS = YES_AGGRESSIVE;
				GCC_WARN_UNUSED_FUNCTION = YES;
				GCC_WARN_UNUSED_VARIABLE = YES;
				MACOSX_DEPLOYMENT_TARGET = 10.14;
				MTL_ENABLE_DEBUG_INFO = NO;
				MTL_FAST_MATH = YES;
				SDKROOT = macosx;
				SWIFT_COMPILATION_MODE = wholemodule;
				SWIFT_OPTIMIZATION_LEVEL = "-O";
			};
			name = Release;
		};
		DBEF77192324F24000A63D28 /* Debug */ = {
			isa = XCBuildConfiguration;
			baseConfigurationReference = 4CF13127831EF3F43BE9AEFD /* Pods-N Clip Board.debug.xcconfig */;
			buildSettings = {
				ASSETCATALOG_COMPILER_APPICON_NAME = AppIcon;
				CLANG_ENABLE_MODULES = YES;
				CODE_SIGN_ENTITLEMENTS = "N Clip Board/N Clip Board.entitlements";
				CODE_SIGN_STYLE = Manual;
				COMBINE_HIDPI_IMAGES = YES;
				DEFINES_MODULE = NO;
				DEVELOPMENT_TEAM = "";
				INFOPLIST_FILE = "N Clip Board/Info.plist";
				LD_RUNPATH_SEARCH_PATHS = (
					"$(inherited)",
					"@executable_path/../Frameworks",
				);
				PRODUCT_BUNDLE_IDENTIFIER = "poor-branson.N-Clip-Board";
				PRODUCT_NAME = "$(TARGET_NAME)";
				PROVISIONING_PROFILE_SPECIFIER = "";
				SWIFT_OPTIMIZATION_LEVEL = "-Onone";
				SWIFT_VERSION = 5.0;
			};
			name = Debug;
		};
		DBEF771A2324F24000A63D28 /* Release */ = {
			isa = XCBuildConfiguration;
			baseConfigurationReference = B9F90EB868A137C49ED41B90 /* Pods-N Clip Board.release.xcconfig */;
			buildSettings = {
				ASSETCATALOG_COMPILER_APPICON_NAME = AppIcon;
				CLANG_ENABLE_MODULES = YES;
				CODE_SIGN_ENTITLEMENTS = "N Clip Board/N Clip Board.entitlements";
				CODE_SIGN_STYLE = Manual;
				COMBINE_HIDPI_IMAGES = YES;
				DEFINES_MODULE = NO;
				DEVELOPMENT_TEAM = "";
				INFOPLIST_FILE = "N Clip Board/Info.plist";
				LD_RUNPATH_SEARCH_PATHS = (
					"$(inherited)",
					"@executable_path/../Frameworks",
				);
				PRODUCT_BUNDLE_IDENTIFIER = "poor-branson.N-Clip-Board";
				PRODUCT_NAME = "$(TARGET_NAME)";
				PROVISIONING_PROFILE_SPECIFIER = "";
				SWIFT_VERSION = 5.0;
			};
			name = Release;
		};
/* End XCBuildConfiguration section */

/* Begin XCConfigurationList section */
		DB277436232F866300D4547D /* Build configuration list for PBXNativeTarget "N Clip BoardTests" */ = {
			isa = XCConfigurationList;
			buildConfigurations = (
				DB277437232F866300D4547D /* Debug */,
				DB277438232F866300D4547D /* Release */,
			);
			defaultConfigurationIsVisible = 0;
			defaultConfigurationName = Release;
		};
		DB27749E23308CEB00D4547D /* Build configuration list for PBXNativeTarget "Launcher" */ = {
			isa = XCConfigurationList;
			buildConfigurations = (
				DB27749F23308CEB00D4547D /* Debug */,
				DB2774A023308CEB00D4547D /* Release */,
			);
			defaultConfigurationIsVisible = 0;
			defaultConfigurationName = Release;
		};
		DBEF77052324F23F00A63D28 /* Build configuration list for PBXProject "N Clip Board" */ = {
			isa = XCConfigurationList;
			buildConfigurations = (
				DBEF77162324F24000A63D28 /* Debug */,
				DBEF77172324F24000A63D28 /* Release */,
			);
			defaultConfigurationIsVisible = 0;
			defaultConfigurationName = Release;
		};
		DBEF77182324F24000A63D28 /* Build configuration list for PBXNativeTarget "N Clip Board" */ = {
			isa = XCConfigurationList;
			buildConfigurations = (
				DBEF77192324F24000A63D28 /* Debug */,
				DBEF771A2324F24000A63D28 /* Release */,
			);
			defaultConfigurationIsVisible = 0;
			defaultConfigurationName = Release;
		};
/* End XCConfigurationList section */

/* Begin XCVersionGroup section */
		DB12A632235A120100998198 /* PBStore.xcdatamodeld */ = {
			isa = XCVersionGroup;
			children = (
				DB12A633235A120100998198 /* PBStore.xcdatamodel */,
			);
			currentVersion = DB12A633235A120100998198 /* PBStore.xcdatamodel */;
			name = PBStore.xcdatamodeld;
			path = ../PBStore.xcdatamodeld;
			sourceTree = "<group>";
			versionGroupType = wrapper.xcdatamodel;
		};
/* End XCVersionGroup section */
	};
	rootObject = DBEF77022324F23F00A63D28 /* Project object */;
}
